// !$*UTF8*$!
{
	archiveVersion = 1;
	classes = {
	};
	objectVersion = 50;
	objects = {

/* Begin PBXBuildFile section */
		67072539260608C900A9E2C9 /* DeviceManager.xib in Resources */ = {isa = PBXBuildFile; fileRef = 67072538260608C900A9E2C9 /* DeviceManager.xib */; };
		6707253D26060BCC00A9E2C9 /* DeviceManager.swift in Sources */ = {isa = PBXBuildFile; fileRef = 6707253C26060BCC00A9E2C9 /* DeviceManager.swift */; };
		6723AABA25FE5CDB00E06268 /* PresetEditorView.xib in Resources */ = {isa = PBXBuildFile; fileRef = 6723AAB925FE5CDB00E06268 /* PresetEditorView.xib */; };
		6723AABE25FE5FA100E06268 /* PresetEditorView.swift in Sources */ = {isa = PBXBuildFile; fileRef = 6723AABD25FE5FA100E06268 /* PresetEditorView.swift */; };
		67257D5125FD7A5D009425A0 /* Macro.swift in Sources */ = {isa = PBXBuildFile; fileRef = 67257D5025FD7A5D009425A0 /* Macro.swift */; };
		67257D5425FD7B72009425A0 /* UMidiMessage.swift in Sources */ = {isa = PBXBuildFile; fileRef = 67257D5325FD7B72009425A0 /* UMidiMessage.swift */; };
		67257D5825FD8193009425A0 /* KeyboardShortcut.swift in Sources */ = {isa = PBXBuildFile; fileRef = 67257D5725FD8192009425A0 /* KeyboardShortcut.swift */; };
		67C0446D25FC224800BA0B24 /* PresetViewDelegate.swift in Sources */ = {isa = PBXBuildFile; fileRef = 67C0446C25FC224800BA0B24 /* PresetViewDelegate.swift */; };
		67EFF8402604067200D61982 /* MacroView.xib in Resources */ = {isa = PBXBuildFile; fileRef = 67EFF83F2604067200D61982 /* MacroView.xib */; };
		67EFF8432604068E00D61982 /* MacroView.swift in Sources */ = {isa = PBXBuildFile; fileRef = 67EFF8422604068E00D61982 /* MacroView.swift */; };
		67F27A6325FAA0D800FD78EC /* AppDelegate.swift in Sources */ = {isa = PBXBuildFile; fileRef = 67F27A6225FAA0D800FD78EC /* AppDelegate.swift */; };
		67F27A6525FAA0D800FD78EC /* ViewController.swift in Sources */ = {isa = PBXBuildFile; fileRef = 67F27A6425FAA0D800FD78EC /* ViewController.swift */; };
		67F27A6725FAA0DA00FD78EC /* Assets.xcassets in Resources */ = {isa = PBXBuildFile; fileRef = 67F27A6625FAA0DA00FD78EC /* Assets.xcassets */; };
		67F27A6A25FAA0DA00FD78EC /* Main.storyboard in Resources */ = {isa = PBXBuildFile; fileRef = 67F27A6825FAA0DA00FD78EC /* Main.storyboard */; };
		67F27A7725FABF0A00FD78EC /* Preset.swift in Sources */ = {isa = PBXBuildFile; fileRef = 67F27A7625FABF0A00FD78EC /* Preset.swift */; };
		67F27A7A25FABFB200FD78EC /* Connection.swift in Sources */ = {isa = PBXBuildFile; fileRef = 67F27A7925FABFB200FD78EC /* Connection.swift */; };
		67F27A8625FAC1AF00FD78EC /* PresetView.xib in Resources */ = {isa = PBXBuildFile; fileRef = 67F27A8525FAC1AF00FD78EC /* PresetView.xib */; };
		67F27A8925FAC1BD00FD78EC /* PresetView.swift in Sources */ = {isa = PBXBuildFile; fileRef = 67F27A8825FAC1BD00FD78EC /* PresetView.swift */; };
/* End PBXBuildFile section */

/* Begin PBXFileReference section */
		67072538260608C900A9E2C9 /* DeviceManager.xib */ = {isa = PBXFileReference; lastKnownFileType = file.xib; path = DeviceManager.xib; sourceTree = "<group>"; };
		6707253C26060BCC00A9E2C9 /* DeviceManager.swift */ = {isa = PBXFileReference; lastKnownFileType = sourcecode.swift; path = DeviceManager.swift; sourceTree = "<group>"; };
		6723AAB925FE5CDB00E06268 /* PresetEditorView.xib */ = {isa = PBXFileReference; lastKnownFileType = file.xib; path = PresetEditorView.xib; sourceTree = "<group>"; };
		6723AABD25FE5FA100E06268 /* PresetEditorView.swift */ = {isa = PBXFileReference; lastKnownFileType = sourcecode.swift; path = PresetEditorView.swift; sourceTree = "<group>"; };
		67257D5025FD7A5D009425A0 /* Macro.swift */ = {isa = PBXFileReference; lastKnownFileType = sourcecode.swift; path = Macro.swift; sourceTree = "<group>"; };
		67257D5325FD7B72009425A0 /* UMidiMessage.swift */ = {isa = PBXFileReference; lastKnownFileType = sourcecode.swift; path = UMidiMessage.swift; sourceTree = "<group>"; };
		67257D5725FD8192009425A0 /* KeyboardShortcut.swift */ = {isa = PBXFileReference; lastKnownFileType = sourcecode.swift; path = KeyboardShortcut.swift; sourceTree = "<group>"; };
		67C0446C25FC224800BA0B24 /* PresetViewDelegate.swift */ = {isa = PBXFileReference; lastKnownFileType = sourcecode.swift; path = PresetViewDelegate.swift; sourceTree = "<group>"; };
		67EFF83F2604067200D61982 /* MacroView.xib */ = {isa = PBXFileReference; lastKnownFileType = file.xib; path = MacroView.xib; sourceTree = "<group>"; };
		67EFF8422604068E00D61982 /* MacroView.swift */ = {isa = PBXFileReference; lastKnownFileType = sourcecode.swift; path = MacroView.swift; sourceTree = "<group>"; };
		67F27A5F25FAA0D800FD78EC /* Midi Control.app */ = {isa = PBXFileReference; explicitFileType = wrapper.application; includeInIndex = 0; path = "Midi Control.app"; sourceTree = BUILT_PRODUCTS_DIR; };
		67F27A6225FAA0D800FD78EC /* AppDelegate.swift */ = {isa = PBXFileReference; lastKnownFileType = sourcecode.swift; path = AppDelegate.swift; sourceTree = "<group>"; };
		67F27A6425FAA0D800FD78EC /* ViewController.swift */ = {isa = PBXFileReference; lastKnownFileType = sourcecode.swift; path = ViewController.swift; sourceTree = "<group>"; };
		67F27A6625FAA0DA00FD78EC /* Assets.xcassets */ = {isa = PBXFileReference; lastKnownFileType = folder.assetcatalog; path = Assets.xcassets; sourceTree = "<group>"; };
		67F27A6925FAA0DA00FD78EC /* Base */ = {isa = PBXFileReference; lastKnownFileType = file.storyboard; name = Base; path = Base.lproj/Main.storyboard; sourceTree = "<group>"; };
		67F27A6B25FAA0DA00FD78EC /* Info.plist */ = {isa = PBXFileReference; lastKnownFileType = text.plist.xml; path = Info.plist; sourceTree = "<group>"; };
		67F27A6C25FAA0DA00FD78EC /* Midi_Control.entitlements */ = {isa = PBXFileReference; lastKnownFileType = text.plist.entitlements; path = Midi_Control.entitlements; sourceTree = "<group>"; };
		67F27A7625FABF0A00FD78EC /* Preset.swift */ = {isa = PBXFileReference; lastKnownFileType = sourcecode.swift; path = Preset.swift; sourceTree = "<group>"; };
		67F27A7925FABFB200FD78EC /* Connection.swift */ = {isa = PBXFileReference; lastKnownFileType = sourcecode.swift; path = Connection.swift; sourceTree = "<group>"; };
		67F27A8525FAC1AF00FD78EC /* PresetView.xib */ = {isa = PBXFileReference; lastKnownFileType = file.xib; path = PresetView.xib; sourceTree = "<group>"; };
		67F27A8825FAC1BD00FD78EC /* PresetView.swift */ = {isa = PBXFileReference; lastKnownFileType = sourcecode.swift; path = PresetView.swift; sourceTree = "<group>"; };
/* End PBXFileReference section */

/* Begin PBXFrameworksBuildPhase section */
		67F27A5C25FAA0D800FD78EC /* Frameworks */ = {
			isa = PBXFrameworksBuildPhase;
			buildActionMask = 2147483647;
			files = (
			);
			runOnlyForDeploymentPostprocessing = 0;
		};
/* End PBXFrameworksBuildPhase section */

/* Begin PBXGroup section */
		6723AAB625FE5B2F00E06268 /* Views */ = {
			isa = PBXGroup;
			children = (
				67F27A8525FAC1AF00FD78EC /* PresetView.xib */,
				67072538260608C900A9E2C9 /* DeviceManager.xib */,
				67F27A6825FAA0DA00FD78EC /* Main.storyboard */,
				67EFF83F2604067200D61982 /* MacroView.xib */,
				6723AAB925FE5CDB00E06268 /* PresetEditorView.xib */,
			);
			path = Views;
			sourceTree = "<group>";
		};
		6723AAB725FE5B3700E06268 /* Controller */ = {
			isa = PBXGroup;
			children = (
				67F27A8825FAC1BD00FD78EC /* PresetView.swift */,
				67EFF8422604068E00D61982 /* MacroView.swift */,
				6707253C26060BCC00A9E2C9 /* DeviceManager.swift */,
				6723AABD25FE5FA100E06268 /* PresetEditorView.swift */,
				67F27A6425FAA0D800FD78EC /* ViewController.swift */,
			);
			path = Controller;
			sourceTree = "<group>";
		};
		679B08AD25FBF9B10038A44E /* Model */ = {
			isa = PBXGroup;
			children = (
				67F27A7625FABF0A00FD78EC /* Preset.swift */,
				67257D5325FD7B72009425A0 /* UMidiMessage.swift */,
				67257D5725FD8192009425A0 /* KeyboardShortcut.swift */,
				67F27A7925FABFB200FD78EC /* Connection.swift */,
				67257D5025FD7A5D009425A0 /* Macro.swift */,
			);
			path = Model;
			sourceTree = "<group>";
		};
		67C0446B25FC223600BA0B24 /* Protocols */ = {
			isa = PBXGroup;
			children = (
				67C0446C25FC224800BA0B24 /* PresetViewDelegate.swift */,
			);
			path = Protocols;
			sourceTree = "<group>";
		};
		67F27A5625FAA0D800FD78EC = {
			isa = PBXGroup;
			children = (
				67F27A6125FAA0D800FD78EC /* Midi Control */,
				67F27A6025FAA0D800FD78EC /* Products */,
			);
			sourceTree = "<group>";
		};
		67F27A6025FAA0D800FD78EC /* Products */ = {
			isa = PBXGroup;
			children = (
				67F27A5F25FAA0D800FD78EC /* Midi Control.app */,
			);
			name = Products;
			sourceTree = "<group>";
		};
		67F27A6125FAA0D800FD78EC /* Midi Control */ = {
			isa = PBXGroup;
			children = (
				67F27A6225FAA0D800FD78EC /* AppDelegate.swift */,
				67C0446B25FC223600BA0B24 /* Protocols */,
				679B08AD25FBF9B10038A44E /* Model */,
				6723AAB725FE5B3700E06268 /* Controller */,
				6723AAB625FE5B2F00E06268 /* Views */,
				67F27A6625FAA0DA00FD78EC /* Assets.xcassets */,
				67F27A6B25FAA0DA00FD78EC /* Info.plist */,
				67F27A6C25FAA0DA00FD78EC /* Midi_Control.entitlements */,
			);
			path = "Midi Control";
			sourceTree = "<group>";
		};
/* End PBXGroup section */

/* Begin PBXNativeTarget section */
		67F27A5E25FAA0D800FD78EC /* Midi Control */ = {
			isa = PBXNativeTarget;
			buildConfigurationList = 67F27A6F25FAA0DA00FD78EC /* Build configuration list for PBXNativeTarget "Midi Control" */;
			buildPhases = (
				67F27A5B25FAA0D800FD78EC /* Sources */,
				67F27A5C25FAA0D800FD78EC /* Frameworks */,
				67F27A5D25FAA0D800FD78EC /* Resources */,
			);
			buildRules = (
			);
			dependencies = (
			);
			name = "Midi Control";
			productName = "Midi Control";
			productReference = 67F27A5F25FAA0D800FD78EC /* Midi Control.app */;
			productType = "com.apple.product-type.application";
		};
/* End PBXNativeTarget section */

/* Begin PBXProject section */
		67F27A5725FAA0D800FD78EC /* Project object */ = {
			isa = PBXProject;
			attributes = {
				LastSwiftUpdateCheck = 1240;
				LastUpgradeCheck = 1240;
				TargetAttributes = {
					67F27A5E25FAA0D800FD78EC = {
						CreatedOnToolsVersion = 12.4;
					};
				};
			};
			buildConfigurationList = 67F27A5A25FAA0D800FD78EC /* Build configuration list for PBXProject "Midi Control" */;
			compatibilityVersion = "Xcode 9.3";
			developmentRegion = en;
			hasScannedForEncodings = 0;
			knownRegions = (
				en,
				Base,
			);
			mainGroup = 67F27A5625FAA0D800FD78EC;
			productRefGroup = 67F27A6025FAA0D800FD78EC /* Products */;
			projectDirPath = "";
			projectRoot = "";
			targets = (
				67F27A5E25FAA0D800FD78EC /* Midi Control */,
			);
		};
/* End PBXProject section */

/* Begin PBXResourcesBuildPhase section */
		67F27A5D25FAA0D800FD78EC /* Resources */ = {
			isa = PBXResourcesBuildPhase;
			buildActionMask = 2147483647;
			files = (
				67F27A8625FAC1AF00FD78EC /* PresetView.xib in Resources */,
				67F27A6725FAA0DA00FD78EC /* Assets.xcassets in Resources */,
				67F27A6A25FAA0DA00FD78EC /* Main.storyboard in Resources */,
				67072539260608C900A9E2C9 /* DeviceManager.xib in Resources */,
				67EFF8402604067200D61982 /* MacroView.xib in Resources */,
				6723AABA25FE5CDB00E06268 /* PresetEditorView.xib in Resources */,
			);
			runOnlyForDeploymentPostprocessing = 0;
		};
/* End PBXResourcesBuildPhase section */

/* Begin PBXSourcesBuildPhase section */
		67F27A5B25FAA0D800FD78EC /* Sources */ = {
			isa = PBXSourcesBuildPhase;
			buildActionMask = 2147483647;
			files = (
				67F27A6525FAA0D800FD78EC /* ViewController.swift in Sources */,
				6707253D26060BCC00A9E2C9 /* DeviceManager.swift in Sources */,
				6723AABE25FE5FA100E06268 /* PresetEditorView.swift in Sources */,
				67257D5825FD8193009425A0 /* KeyboardShortcut.swift in Sources */,
				67EFF8432604068E00D61982 /* MacroView.swift in Sources */,
				67257D5125FD7A5D009425A0 /* Macro.swift in Sources */,
				67F27A7725FABF0A00FD78EC /* Preset.swift in Sources */,
				67C0446D25FC224800BA0B24 /* PresetViewDelegate.swift in Sources */,
				67257D5425FD7B72009425A0 /* UMidiMessage.swift in Sources */,
				67F27A6325FAA0D800FD78EC /* AppDelegate.swift in Sources */,
				67F27A7A25FABFB200FD78EC /* Connection.swift in Sources */,
				67F27A8925FAC1BD00FD78EC /* PresetView.swift in Sources */,
			);
			runOnlyForDeploymentPostprocessing = 0;
		};
/* End PBXSourcesBuildPhase section */

/* Begin PBXVariantGroup section */
		67F27A6825FAA0DA00FD78EC /* Main.storyboard */ = {
			isa = PBXVariantGroup;
			children = (
				67F27A6925FAA0DA00FD78EC /* Base */,
			);
			name = Main.storyboard;
			sourceTree = "<group>";
		};
/* End PBXVariantGroup section */

/* Begin XCBuildConfiguration section */
		67F27A6D25FAA0DA00FD78EC /* Debug */ = {
			isa = XCBuildConfiguration;
			buildSettings = {
				ALWAYS_SEARCH_USER_PATHS = NO;
				CLANG_ANALYZER_NONNULL = YES;
				CLANG_ANALYZER_NUMBER_OBJECT_CONVERSION = YES_AGGRESSIVE;
				CLANG_CXX_LANGUAGE_STANDARD = "gnu++14";
				CLANG_CXX_LIBRARY = "libc++";
				CLANG_ENABLE_MODULES = YES;
				CLANG_ENABLE_OBJC_ARC = YES;
				CLANG_ENABLE_OBJC_WEAK = YES;
				CLANG_WARN_BLOCK_CAPTURE_AUTORELEASING = YES;
				CLANG_WARN_BOOL_CONVERSION = YES;
				CLANG_WARN_COMMA = YES;
				CLANG_WARN_CONSTANT_CONVERSION = YES;
				CLANG_WARN_DEPRECATED_OBJC_IMPLEMENTATIONS = YES;
				CLANG_WARN_DIRECT_OBJC_ISA_USAGE = YES_ERROR;
				CLANG_WARN_DOCUMENTATION_COMMENTS = YES;
				CLANG_WARN_EMPTY_BODY = YES;
				CLANG_WARN_ENUM_CONVERSION = YES;
				CLANG_WARN_INFINITE_RECURSION = YES;
				CLANG_WARN_INT_CONVERSION = YES;
				CLANG_WARN_NON_LITERAL_NULL_CONVERSION = YES;
				CLANG_WARN_OBJC_IMPLICIT_RETAIN_SELF = YES;
				CLANG_WARN_OBJC_LITERAL_CONVERSION = YES;
				CLANG_WARN_OBJC_ROOT_CLASS = YES_ERROR;
				CLANG_WARN_QUOTED_INCLUDE_IN_FRAMEWORK_HEADER = YES;
				CLANG_WARN_RANGE_LOOP_ANALYSIS = YES;
				CLANG_WARN_STRICT_PROTOTYPES = YES;
				CLANG_WARN_SUSPICIOUS_MOVE = YES;
				CLANG_WARN_UNGUARDED_AVAILABILITY = YES_AGGRESSIVE;
				CLANG_WARN_UNREACHABLE_CODE = YES;
				CLANG_WARN__DUPLICATE_METHOD_MATCH = YES;
				COPY_PHASE_STRIP = NO;
				DEBUG_INFORMATION_FORMAT = dwarf;
				ENABLE_STRICT_OBJC_MSGSEND = YES;
				ENABLE_TESTABILITY = YES;
				GCC_C_LANGUAGE_STANDARD = gnu11;
				GCC_DYNAMIC_NO_PIC = NO;
				GCC_NO_COMMON_BLOCKS = YES;
				GCC_OPTIMIZATION_LEVEL = 0;
				GCC_PREPROCESSOR_DEFINITIONS = (
					"DEBUG=1",
					"$(inherited)",
				);
				GCC_WARN_64_TO_32_BIT_CONVERSION = YES;
				GCC_WARN_ABOUT_RETURN_TYPE = YES_ERROR;
				GCC_WARN_UNDECLARED_SELECTOR = YES;
				GCC_WARN_UNINITIALIZED_AUTOS = YES_AGGRESSIVE;
				GCC_WARN_UNUSED_FUNCTION = YES;
				GCC_WARN_UNUSED_VARIABLE = YES;
				MACOSX_DEPLOYMENT_TARGET = 11.1;
				MTL_ENABLE_DEBUG_INFO = INCLUDE_SOURCE;
				MTL_FAST_MATH = YES;
				ONLY_ACTIVE_ARCH = YES;
				SDKROOT = macosx;
				SWIFT_ACTIVE_COMPILATION_CONDITIONS = DEBUG;
				SWIFT_OPTIMIZATION_LEVEL = "-Onone";
			};
			name = Debug;
		};
		67F27A6E25FAA0DA00FD78EC /* Release */ = {
			isa = XCBuildConfiguration;
			buildSettings = {
				ALWAYS_SEARCH_USER_PATHS = NO;
				CLANG_ANALYZER_NONNULL = YES;
				CLANG_ANALYZER_NUMBER_OBJECT_CONVERSION = YES_AGGRESSIVE;
				CLANG_CXX_LANGUAGE_STANDARD = "gnu++14";
				CLANG_CXX_LIBRARY = "libc++";
				CLANG_ENABLE_MODULES = YES;
				CLANG_ENABLE_OBJC_ARC = YES;
				CLANG_ENABLE_OBJC_WEAK = YES;
				CLANG_WARN_BLOCK_CAPTURE_AUTORELEASING = YES;
				CLANG_WARN_BOOL_CONVERSION = YES;
				CLANG_WARN_COMMA = YES;
				CLANG_WARN_CONSTANT_CONVERSION = YES;
				CLANG_WARN_DEPRECATED_OBJC_IMPLEMENTATIONS = YES;
				CLANG_WARN_DIRECT_OBJC_ISA_USAGE = YES_ERROR;
				CLANG_WARN_DOCUMENTATION_COMMENTS = YES;
				CLANG_WARN_EMPTY_BODY = YES;
				CLANG_WARN_ENUM_CONVERSION = YES;
				CLANG_WARN_INFINITE_RECURSION = YES;
				CLANG_WARN_INT_CONVERSION = YES;
				CLANG_WARN_NON_LITERAL_NULL_CONVERSION = YES;
				CLANG_WARN_OBJC_IMPLICIT_RETAIN_SELF = YES;
				CLANG_WARN_OBJC_LITERAL_CONVERSION = YES;
				CLANG_WARN_OBJC_ROOT_CLASS = YES_ERROR;
				CLANG_WARN_QUOTED_INCLUDE_IN_FRAMEWORK_HEADER = YES;
				CLANG_WARN_RANGE_LOOP_ANALYSIS = YES;
				CLANG_WARN_STRICT_PROTOTYPES = YES;
				CLANG_WARN_SUSPICIOUS_MOVE = YES;
				CLANG_WARN_UNGUARDED_AVAILABILITY = YES_AGGRESSIVE;
				CLANG_WARN_UNREACHABLE_CODE = YES;
				CLANG_WARN__DUPLICATE_METHOD_MATCH = YES;
				COPY_PHASE_STRIP = NO;
				DEBUG_INFORMATION_FORMAT = "dwarf-with-dsym";
				ENABLE_NS_ASSERTIONS = NO;
				ENABLE_STRICT_OBJC_MSGSEND = YES;
				GCC_C_LANGUAGE_STANDARD = gnu11;
				GCC_NO_COMMON_BLOCKS = YES;
				GCC_WARN_64_TO_32_BIT_CONVERSION = YES;
				GCC_WARN_ABOUT_RETURN_TYPE = YES_ERROR;
				GCC_WARN_UNDECLARED_SELECTOR = YES;
				GCC_WARN_UNINITIALIZED_AUTOS = YES_AGGRESSIVE;
				GCC_WARN_UNUSED_FUNCTION = YES;
				GCC_WARN_UNUSED_VARIABLE = YES;
				MACOSX_DEPLOYMENT_TARGET = 11.1;
				MTL_ENABLE_DEBUG_INFO = NO;
				MTL_FAST_MATH = YES;
				SDKROOT = macosx;
				SWIFT_COMPILATION_MODE = wholemodule;
				SWIFT_OPTIMIZATION_LEVEL = "-O";
			};
			name = Release;
		};
		67F27A7025FAA0DA00FD78EC /* Debug */ = {
			isa = XCBuildConfiguration;
			buildSettings = {
				ASSETCATALOG_COMPILER_APPICON_NAME = AppIcon;
				ASSETCATALOG_COMPILER_GLOBAL_ACCENT_COLOR_NAME = AccentColor;
				CODE_SIGN_ENTITLEMENTS = "Midi Control/Midi_Control.entitlements";
				CODE_SIGN_STYLE = Automatic;
				COMBINE_HIDPI_IMAGES = YES;
				INFOPLIST_FILE = "Midi Control/Info.plist";
				LD_RUNPATH_SEARCH_PATHS = (
					"$(inherited)",
					"@executable_path/../Frameworks",
				);
				PRODUCT_BUNDLE_IDENTIFIER = "morgsj.github.com.Midi-Control";
				PRODUCT_NAME = "$(TARGET_NAME)";
				SWIFT_VERSION = 5.0;
			};
			name = Debug;
		};
		67F27A7125FAA0DA00FD78EC /* Release */ = {
			isa = XCBuildConfiguration;
			buildSettings = {
				ASSETCATALOG_COMPILER_APPICON_NAME = AppIcon;
				ASSETCATALOG_COMPILER_GLOBAL_ACCENT_COLOR_NAME = AccentColor;
				CODE_SIGN_ENTITLEMENTS = "Midi Control/Midi_Control.entitlements";
				CODE_SIGN_STYLE = Automatic;
				COMBINE_HIDPI_IMAGES = YES;
				INFOPLIST_FILE = "Midi Control/Info.plist";
				LD_RUNPATH_SEARCH_PATHS = (
					"$(inherited)",
					"@executable_path/../Frameworks",
				);
				PRODUCT_BUNDLE_IDENTIFIER = "morgsj.github.com.Midi-Control";
				PRODUCT_NAME = "$(TARGET_NAME)";
				SWIFT_VERSION = 5.0;
			};
			name = Release;
		};
/* End XCBuildConfiguration section */

/* Begin XCConfigurationList section */
		67F27A5A25FAA0D800FD78EC /* Build configuration list for PBXProject "Midi Control" */ = {
			isa = XCConfigurationList;
			buildConfigurations = (
				67F27A6D25FAA0DA00FD78EC /* Debug */,
				67F27A6E25FAA0DA00FD78EC /* Release */,
			);
			defaultConfigurationIsVisible = 0;
			defaultConfigurationName = Release;
		};
		67F27A6F25FAA0DA00FD78EC /* Build configuration list for PBXNativeTarget "Midi Control" */ = {
			isa = XCConfigurationList;
			buildConfigurations = (
				67F27A7025FAA0DA00FD78EC /* Debug */,
				67F27A7125FAA0DA00FD78EC /* Release */,
			);
			defaultConfigurationIsVisible = 0;
			defaultConfigurationName = Release;
		};
/* End XCConfigurationList section */
	};
	rootObject = 67F27A5725FAA0D800FD78EC /* Project object */;
}
