// !$*UTF8*$!
{
	archiveVersion = 1;
	classes = {
	};
	objectVersion = 52;
	objects = {

/* Begin PBXBuildFile section */
		67072539260608C900A9E2C9 /* DeviceManager.xib in Resources */ = {isa = PBXBuildFile; fileRef = 67072538260608C900A9E2C9 /* DeviceManager.xib */; };
		6707253D26060BCC00A9E2C9 /* DeviceManager.swift in Sources */ = {isa = PBXBuildFile; fileRef = 6707253C26060BCC00A9E2C9 /* DeviceManager.swift */; };
		6723AABA25FE5CDB00E06268 /* PresetEditorView.xib in Resources */ = {isa = PBXBuildFile; fileRef = 6723AAB925FE5CDB00E06268 /* PresetEditorView.xib */; };
		6723AABE25FE5FA100E06268 /* PresetEditorView.swift in Sources */ = {isa = PBXBuildFile; fileRef = 6723AABD25FE5FA100E06268 /* PresetEditorView.swift */; };
		67257D5125FD7A5D009425A0 /* Macro+Functionality.swift in Sources */ = {isa = PBXBuildFile; fileRef = 67257D5025FD7A5D009425A0 /* Macro+Functionality.swift */; };
		67257D5425FD7B72009425A0 /* UMidiMessage+Functionality.swift in Sources */ = {isa = PBXBuildFile; fileRef = 67257D5325FD7B72009425A0 /* UMidiMessage+Functionality.swift */; };
		67257D5825FD8193009425A0 /* KeyboardShortcut+Functionality.swift in Sources */ = {isa = PBXBuildFile; fileRef = 67257D5725FD8192009425A0 /* KeyboardShortcut+Functionality.swift */; };
		67311C4F26345410001DBF67 /* .gitignore in Resources */ = {isa = PBXBuildFile; fileRef = 67311C4E26345410001DBF67 /* .gitignore */; };
		679679BD2652C2320028318C /* PersistentContainer.swift in Sources */ = {isa = PBXBuildFile; fileRef = 679679BC2652C2320028318C /* PersistentContainer.swift */; };
		67C0446D25FC224800BA0B24 /* PresetViewDelegate.swift in Sources */ = {isa = PBXBuildFile; fileRef = 67C0446C25FC224800BA0B24 /* PresetViewDelegate.swift */; };
		67C65D212652C8B4006D68DE /* UMidiMessage+CoreDataClass.swift in Sources */ = {isa = PBXBuildFile; fileRef = 67C65D172652C8B4006D68DE /* UMidiMessage+CoreDataClass.swift */; };
		67C65D222652C8B4006D68DE /* UMidiMessage+CoreDataProperties.swift in Sources */ = {isa = PBXBuildFile; fileRef = 67C65D182652C8B4006D68DE /* UMidiMessage+CoreDataProperties.swift */; };
		67C65D252652C8B4006D68DE /* Preset+CoreDataClass.swift in Sources */ = {isa = PBXBuildFile; fileRef = 67C65D1B2652C8B4006D68DE /* Preset+CoreDataClass.swift */; };
		67C65D262652C8B4006D68DE /* Preset+CoreDataProperties.swift in Sources */ = {isa = PBXBuildFile; fileRef = 67C65D1C2652C8B4006D68DE /* Preset+CoreDataProperties.swift */; };
		67C65D272652C8B4006D68DE /* Macro+CoreDataClass.swift in Sources */ = {isa = PBXBuildFile; fileRef = 67C65D1D2652C8B4006D68DE /* Macro+CoreDataClass.swift */; };
		67C65D282652C8B4006D68DE /* Macro+CoreDataProperties.swift in Sources */ = {isa = PBXBuildFile; fileRef = 67C65D1E2652C8B4006D68DE /* Macro+CoreDataProperties.swift */; };
		67C65D292652C8B4006D68DE /* KeyboardShortcut+CoreDataClass.swift in Sources */ = {isa = PBXBuildFile; fileRef = 67C65D1F2652C8B4006D68DE /* KeyboardShortcut+CoreDataClass.swift */; };
		67C65D2A2652C8B4006D68DE /* KeyboardShortcut+CoreDataProperties.swift in Sources */ = {isa = PBXBuildFile; fileRef = 67C65D202652C8B4006D68DE /* KeyboardShortcut+CoreDataProperties.swift */; };
		67CEB8B0265A946E00760D11 /* MacroEditor.swift in Sources */ = {isa = PBXBuildFile; fileRef = 67CEB8AE265A946E00760D11 /* MacroEditor.swift */; };
		67CEB8B1265A946E00760D11 /* MacroEditor.xib in Resources */ = {isa = PBXBuildFile; fileRef = 67CEB8AF265A946E00760D11 /* MacroEditor.xib */; };
		67DFCD0F2652B3D200EB54C6 /* DataModel.xcdatamodeld in Sources */ = {isa = PBXBuildFile; fileRef = 67DFCD0D2652B3D200EB54C6 /* DataModel.xcdatamodeld */; };
		67F27A6325FAA0D800FD78EC /* AppDelegate.swift in Sources */ = {isa = PBXBuildFile; fileRef = 67F27A6225FAA0D800FD78EC /* AppDelegate.swift */; };
		67F27A6525FAA0D800FD78EC /* ViewController.swift in Sources */ = {isa = PBXBuildFile; fileRef = 67F27A6425FAA0D800FD78EC /* ViewController.swift */; };
		67F27A6725FAA0DA00FD78EC /* Assets.xcassets in Resources */ = {isa = PBXBuildFile; fileRef = 67F27A6625FAA0DA00FD78EC /* Assets.xcassets */; };
		67F27A6A25FAA0DA00FD78EC /* Main.storyboard in Resources */ = {isa = PBXBuildFile; fileRef = 67F27A6825FAA0DA00FD78EC /* Main.storyboard */; };
		67F27A7725FABF0A00FD78EC /* Preset+Functionality.swift in Sources */ = {isa = PBXBuildFile; fileRef = 67F27A7625FABF0A00FD78EC /* Preset+Functionality.swift */; };
		67F27A7A25FABFB200FD78EC /* Connection+Functionality.swift in Sources */ = {isa = PBXBuildFile; fileRef = 67F27A7925FABFB200FD78EC /* Connection+Functionality.swift */; };
		67F27A8625FAC1AF00FD78EC /* PresetCompactView.xib in Resources */ = {isa = PBXBuildFile; fileRef = 67F27A8525FAC1AF00FD78EC /* PresetCompactView.xib */; };
		67F27A8925FAC1BD00FD78EC /* PresetCompactView.swift in Sources */ = {isa = PBXBuildFile; fileRef = 67F27A8825FAC1BD00FD78EC /* PresetCompactView.swift */; };
		904C1B9D2651133200C28B01 /* AudioKit in Frameworks */ = {isa = PBXBuildFile; productRef = 904C1B9C2651133200C28B01 /* AudioKit */; };
		904C1B9F2651134E00C28B01 /* MIDIReceiver.swift in Sources */ = {isa = PBXBuildFile; fileRef = 904C1B9E2651134E00C28B01 /* MIDIReceiver.swift */; };
		907C16902657E41D0001D189 /* Connection+CoreDataClass.swift in Sources */ = {isa = PBXBuildFile; fileRef = 907C168E2657E41D0001D189 /* Connection+CoreDataClass.swift */; };
		907C16912657E41D0001D189 /* Connection+CoreDataProperties.swift in Sources */ = {isa = PBXBuildFile; fileRef = 907C168F2657E41D0001D189 /* Connection+CoreDataProperties.swift */; };
/* End PBXBuildFile section */

/* Begin PBXFileReference section */
		67072538260608C900A9E2C9 /* DeviceManager.xib */ = {isa = PBXFileReference; lastKnownFileType = file.xib; path = DeviceManager.xib; sourceTree = "<group>"; };
		6707253C26060BCC00A9E2C9 /* DeviceManager.swift */ = {isa = PBXFileReference; lastKnownFileType = sourcecode.swift; path = DeviceManager.swift; sourceTree = "<group>"; };
		6723AAB925FE5CDB00E06268 /* PresetEditorView.xib */ = {isa = PBXFileReference; lastKnownFileType = file.xib; path = PresetEditorView.xib; sourceTree = "<group>"; };
		6723AABD25FE5FA100E06268 /* PresetEditorView.swift */ = {isa = PBXFileReference; lastKnownFileType = sourcecode.swift; path = PresetEditorView.swift; sourceTree = "<group>"; };
		67257D5025FD7A5D009425A0 /* Macro+Functionality.swift */ = {isa = PBXFileReference; lastKnownFileType = sourcecode.swift; path = "Macro+Functionality.swift"; sourceTree = "<group>"; };
		67257D5325FD7B72009425A0 /* UMidiMessage+Functionality.swift */ = {isa = PBXFileReference; lastKnownFileType = sourcecode.swift; path = "UMidiMessage+Functionality.swift"; sourceTree = "<group>"; };
		67257D5725FD8192009425A0 /* KeyboardShortcut+Functionality.swift */ = {isa = PBXFileReference; lastKnownFileType = sourcecode.swift; path = "KeyboardShortcut+Functionality.swift"; sourceTree = "<group>"; };
		67311C4E26345410001DBF67 /* .gitignore */ = {isa = PBXFileReference; lastKnownFileType = text; path = .gitignore; sourceTree = "<group>"; };
		679679BC2652C2320028318C /* PersistentContainer.swift */ = {isa = PBXFileReference; lastKnownFileType = sourcecode.swift; path = PersistentContainer.swift; sourceTree = "<group>"; };
		67C0446C25FC224800BA0B24 /* PresetViewDelegate.swift */ = {isa = PBXFileReference; lastKnownFileType = sourcecode.swift; path = PresetViewDelegate.swift; sourceTree = "<group>"; };
		67C65D172652C8B4006D68DE /* UMidiMessage+CoreDataClass.swift */ = {isa = PBXFileReference; lastKnownFileType = sourcecode.swift; path = "UMidiMessage+CoreDataClass.swift"; sourceTree = "<group>"; };
		67C65D182652C8B4006D68DE /* UMidiMessage+CoreDataProperties.swift */ = {isa = PBXFileReference; lastKnownFileType = sourcecode.swift; path = "UMidiMessage+CoreDataProperties.swift"; sourceTree = "<group>"; };
		67C65D1B2652C8B4006D68DE /* Preset+CoreDataClass.swift */ = {isa = PBXFileReference; lastKnownFileType = sourcecode.swift; path = "Preset+CoreDataClass.swift"; sourceTree = "<group>"; };
		67C65D1C2652C8B4006D68DE /* Preset+CoreDataProperties.swift */ = {isa = PBXFileReference; lastKnownFileType = sourcecode.swift; path = "Preset+CoreDataProperties.swift"; sourceTree = "<group>"; };
		67C65D1D2652C8B4006D68DE /* Macro+CoreDataClass.swift */ = {isa = PBXFileReference; lastKnownFileType = sourcecode.swift; path = "Macro+CoreDataClass.swift"; sourceTree = "<group>"; };
		67C65D1E2652C8B4006D68DE /* Macro+CoreDataProperties.swift */ = {isa = PBXFileReference; lastKnownFileType = sourcecode.swift; path = "Macro+CoreDataProperties.swift"; sourceTree = "<group>"; };
		67C65D1F2652C8B4006D68DE /* KeyboardShortcut+CoreDataClass.swift */ = {isa = PBXFileReference; lastKnownFileType = sourcecode.swift; path = "KeyboardShortcut+CoreDataClass.swift"; sourceTree = "<group>"; };
		67C65D202652C8B4006D68DE /* KeyboardShortcut+CoreDataProperties.swift */ = {isa = PBXFileReference; lastKnownFileType = sourcecode.swift; path = "KeyboardShortcut+CoreDataProperties.swift"; sourceTree = "<group>"; };
		67CEB8AE265A946E00760D11 /* MacroEditor.swift */ = {isa = PBXFileReference; lastKnownFileType = sourcecode.swift; path = MacroEditor.swift; sourceTree = "<group>"; };
		67CEB8AF265A946E00760D11 /* MacroEditor.xib */ = {isa = PBXFileReference; lastKnownFileType = file.xib; path = MacroEditor.xib; sourceTree = "<group>"; };
		67DFCD0E2652B3D200EB54C6 /* DataModel.xcdatamodel */ = {isa = PBXFileReference; lastKnownFileType = wrapper.xcdatamodel; path = DataModel.xcdatamodel; sourceTree = "<group>"; };
		67F27A5F25FAA0D800FD78EC /* Midi Control.app */ = {isa = PBXFileReference; explicitFileType = wrapper.application; includeInIndex = 0; path = "Midi Control.app"; sourceTree = BUILT_PRODUCTS_DIR; };
		67F27A6225FAA0D800FD78EC /* AppDelegate.swift */ = {isa = PBXFileReference; lastKnownFileType = sourcecode.swift; path = AppDelegate.swift; sourceTree = "<group>"; };
		67F27A6425FAA0D800FD78EC /* ViewController.swift */ = {isa = PBXFileReference; lastKnownFileType = sourcecode.swift; path = ViewController.swift; sourceTree = "<group>"; };
		67F27A6625FAA0DA00FD78EC /* Assets.xcassets */ = {isa = PBXFileReference; lastKnownFileType = folder.assetcatalog; path = Assets.xcassets; sourceTree = "<group>"; };
		67F27A6925FAA0DA00FD78EC /* Base */ = {isa = PBXFileReference; lastKnownFileType = file.storyboard; name = Base; path = Base.lproj/Main.storyboard; sourceTree = "<group>"; };
		67F27A6B25FAA0DA00FD78EC /* Info.plist */ = {isa = PBXFileReference; lastKnownFileType = text.plist.xml; path = Info.plist; sourceTree = "<group>"; };
		67F27A6C25FAA0DA00FD78EC /* Midi_Control.entitlements */ = {isa = PBXFileReference; lastKnownFileType = text.plist.entitlements; path = Midi_Control.entitlements; sourceTree = "<group>"; };
		67F27A7625FABF0A00FD78EC /* Preset+Functionality.swift */ = {isa = PBXFileReference; lastKnownFileType = sourcecode.swift; path = "Preset+Functionality.swift"; sourceTree = "<group>"; };
		67F27A7925FABFB200FD78EC /* Connection+Functionality.swift */ = {isa = PBXFileReference; lastKnownFileType = sourcecode.swift; path = "Connection+Functionality.swift"; sourceTree = "<group>"; };
		67F27A8525FAC1AF00FD78EC /* PresetCompactView.xib */ = {isa = PBXFileReference; lastKnownFileType = file.xib; path = PresetCompactView.xib; sourceTree = "<group>"; };
		67F27A8825FAC1BD00FD78EC /* PresetCompactView.swift */ = {isa = PBXFileReference; lastKnownFileType = sourcecode.swift; path = PresetCompactView.swift; sourceTree = "<group>"; };
		904C1B9E2651134E00C28B01 /* MIDIReceiver.swift */ = {isa = PBXFileReference; lastKnownFileType = sourcecode.swift; path = MIDIReceiver.swift; sourceTree = "<group>"; };
		907C168E2657E41D0001D189 /* Connection+CoreDataClass.swift */ = {isa = PBXFileReference; lastKnownFileType = sourcecode.swift; path = "Connection+CoreDataClass.swift"; sourceTree = "<group>"; };
		907C168F2657E41D0001D189 /* Connection+CoreDataProperties.swift */ = {isa = PBXFileReference; lastKnownFileType = sourcecode.swift; path = "Connection+CoreDataProperties.swift"; sourceTree = "<group>"; };
/* End PBXFileReference section */

/* Begin PBXFrameworksBuildPhase section */
		67F27A5C25FAA0D800FD78EC /* Frameworks */ = {
			isa = PBXFrameworksBuildPhase;
			buildActionMask = 2147483647;
			files = (
				904C1B9D2651133200C28B01 /* AudioKit in Frameworks */,
			);
			runOnlyForDeploymentPostprocessing = 0;
		};
/* End PBXFrameworksBuildPhase section */

/* Begin PBXGroup section */
		6723AAB625FE5B2F00E06268 /* Views */ = {
			isa = PBXGroup;
			children = (
				67CEB8AF265A946E00760D11 /* MacroEditor.xib */,
				67F27A8525FAC1AF00FD78EC /* PresetCompactView.xib */,
				67072538260608C900A9E2C9 /* DeviceManager.xib */,
				67F27A6825FAA0DA00FD78EC /* Main.storyboard */,
				6723AAB925FE5CDB00E06268 /* PresetEditorView.xib */,
			);
			path = Views;
			sourceTree = "<group>";
		};
		6723AAB725FE5B3700E06268 /* Controller */ = {
			isa = PBXGroup;
			children = (
				67F27A8825FAC1BD00FD78EC /* PresetCompactView.swift */,
				6707253C26060BCC00A9E2C9 /* DeviceManager.swift */,
				6723AABD25FE5FA100E06268 /* PresetEditorView.swift */,
				67F27A6425FAA0D800FD78EC /* ViewController.swift */,
				67CEB8AE265A946E00760D11 /* MacroEditor.swift */,
			);
			path = Controller;
			sourceTree = "<group>";
		};
		679B08AD25FBF9B10038A44E /* Model */ = {
			isa = PBXGroup;
			children = (
				67C134B526541195009BF563 /* Preset */,
				67C134B42654118D009BF563 /* Connection */,
				67C134B326541186009BF563 /* UMidiMessage */,
				67C134B12654116F009BF563 /* Macro */,
				67C134B026541164009BF563 /* KeyboardShortcut */,
				679679BC2652C2320028318C /* PersistentContainer.swift */,
				904C1B9E2651134E00C28B01 /* MIDIReceiver.swift */,
			);
			path = Model;
			sourceTree = "<group>";
		};
		67C0446B25FC223600BA0B24 /* Protocols */ = {
			isa = PBXGroup;
			children = (
				67C0446C25FC224800BA0B24 /* PresetViewDelegate.swift */,
			);
			path = Protocols;
			sourceTree = "<group>";
		};
		67C134B026541164009BF563 /* KeyboardShortcut */ = {
			isa = PBXGroup;
			children = (
				67C65D1F2652C8B4006D68DE /* KeyboardShortcut+CoreDataClass.swift */,
				67C65D202652C8B4006D68DE /* KeyboardShortcut+CoreDataProperties.swift */,
				67257D5725FD8192009425A0 /* KeyboardShortcut+Functionality.swift */,
			);
			path = KeyboardShortcut;
			sourceTree = "<group>";
		};
		67C134B12654116F009BF563 /* Macro */ = {
			isa = PBXGroup;
			children = (
				67C65D1D2652C8B4006D68DE /* Macro+CoreDataClass.swift */,
				67C65D1E2652C8B4006D68DE /* Macro+CoreDataProperties.swift */,
				67257D5025FD7A5D009425A0 /* Macro+Functionality.swift */,
			);
			path = Macro;
			sourceTree = "<group>";
		};
		67C134B326541186009BF563 /* UMidiMessage */ = {
			isa = PBXGroup;
			children = (
				67C65D172652C8B4006D68DE /* UMidiMessage+CoreDataClass.swift */,
				67C65D182652C8B4006D68DE /* UMidiMessage+CoreDataProperties.swift */,
				67257D5325FD7B72009425A0 /* UMidiMessage+Functionality.swift */,
			);
			path = UMidiMessage;
			sourceTree = "<group>";
		};
		67C134B42654118D009BF563 /* Connection */ = {
			isa = PBXGroup;
			children = (
				907C168E2657E41D0001D189 /* Connection+CoreDataClass.swift */,
				907C168F2657E41D0001D189 /* Connection+CoreDataProperties.swift */,
				67F27A7925FABFB200FD78EC /* Connection+Functionality.swift */,
			);
			path = Connection;
			sourceTree = "<group>";
		};
		67C134B526541195009BF563 /* Preset */ = {
			isa = PBXGroup;
			children = (
				67C65D1B2652C8B4006D68DE /* Preset+CoreDataClass.swift */,
				67C65D1C2652C8B4006D68DE /* Preset+CoreDataProperties.swift */,
				67F27A7625FABF0A00FD78EC /* Preset+Functionality.swift */,
			);
			path = Preset;
			sourceTree = "<group>";
		};
		67F27A5625FAA0D800FD78EC = {
			isa = PBXGroup;
			children = (
				67311C4E26345410001DBF67 /* .gitignore */,
				67F27A6125FAA0D800FD78EC /* Midi Control */,
				67F27A6025FAA0D800FD78EC /* Products */,
			);
			sourceTree = "<group>";
		};
		67F27A6025FAA0D800FD78EC /* Products */ = {
			isa = PBXGroup;
			children = (
				67F27A5F25FAA0D800FD78EC /* Midi Control.app */,
			);
			name = Products;
			sourceTree = "<group>";
		};
		67F27A6125FAA0D800FD78EC /* Midi Control */ = {
			isa = PBXGroup;
			children = (
				67F27A6225FAA0D800FD78EC /* AppDelegate.swift */,
				67C0446B25FC223600BA0B24 /* Protocols */,
				679B08AD25FBF9B10038A44E /* Model */,
				6723AAB725FE5B3700E06268 /* Controller */,
				6723AAB625FE5B2F00E06268 /* Views */,
				67F27A6625FAA0DA00FD78EC /* Assets.xcassets */,
				67F27A6B25FAA0DA00FD78EC /* Info.plist */,
				67F27A6C25FAA0DA00FD78EC /* Midi_Control.entitlements */,
				67DFCD0D2652B3D200EB54C6 /* DataModel.xcdatamodeld */,
			);
			path = "Midi Control";
			sourceTree = "<group>";
		};
/* End PBXGroup section */

/* Begin PBXNativeTarget section */
		67F27A5E25FAA0D800FD78EC /* Midi Control */ = {
			isa = PBXNativeTarget;
			buildConfigurationList = 67F27A6F25FAA0DA00FD78EC /* Build configuration list for PBXNativeTarget "Midi Control" */;
			buildPhases = (
				67F27A5B25FAA0D800FD78EC /* Sources */,
				67F27A5C25FAA0D800FD78EC /* Frameworks */,
				67F27A5D25FAA0D800FD78EC /* Resources */,
			);
			buildRules = (
			);
			dependencies = (
			);
			name = "Midi Control";
			packageProductDependencies = (
				904C1B9C2651133200C28B01 /* AudioKit */,
			);
			productName = "Midi Control";
			productReference = 67F27A5F25FAA0D800FD78EC /* Midi Control.app */;
			productType = "com.apple.product-type.application";
		};
/* End PBXNativeTarget section */

/* Begin PBXProject section */
		67F27A5725FAA0D800FD78EC /* Project object */ = {
			isa = PBXProject;
			attributes = {
				LastSwiftUpdateCheck = 1240;
				LastUpgradeCheck = 1250;
				TargetAttributes = {
					67F27A5E25FAA0D800FD78EC = {
						CreatedOnToolsVersion = 12.4;
					};
				};
			};
			buildConfigurationList = 67F27A5A25FAA0D800FD78EC /* Build configuration list for PBXProject "Midi Control" */;
			compatibilityVersion = "Xcode 9.3";
			developmentRegion = en;
			hasScannedForEncodings = 0;
			knownRegions = (
				en,
				Base,
			);
			mainGroup = 67F27A5625FAA0D800FD78EC;
			packageReferences = (
				904C1B9B2651133100C28B01 /* XCRemoteSwiftPackageReference "AudioKit" */,
			);
			productRefGroup = 67F27A6025FAA0D800FD78EC /* Products */;
			projectDirPath = "";
			projectRoot = "";
			targets = (
				67F27A5E25FAA0D800FD78EC /* Midi Control */,
			);
		};
/* End PBXProject section */

/* Begin PBXResourcesBuildPhase section */
		67F27A5D25FAA0D800FD78EC /* Resources */ = {
			isa = PBXResourcesBuildPhase;
			buildActionMask = 2147483647;
			files = (
				67F27A8625FAC1AF00FD78EC /* PresetCompactView.xib in Resources */,
				67CEB8B1265A946E00760D11 /* MacroEditor.xib in Resources */,
				67311C4F26345410001DBF67 /* .gitignore in Resources */,
				67F27A6725FAA0DA00FD78EC /* Assets.xcassets in Resources */,
				67F27A6A25FAA0DA00FD78EC /* Main.storyboard in Resources */,
				67072539260608C900A9E2C9 /* DeviceManager.xib in Resources */,
				6723AABA25FE5CDB00E06268 /* PresetEditorView.xib in Resources */,
			);
			runOnlyForDeploymentPostprocessing = 0;
		};
/* End PBXResourcesBuildPhase section */

/* Begin PBXSourcesBuildPhase section */
		67F27A5B25FAA0D800FD78EC /* Sources */ = {
			isa = PBXSourcesBuildPhase;
			buildActionMask = 2147483647;
			files = (
				67C65D222652C8B4006D68DE /* UMidiMessage+CoreDataProperties.swift in Sources */,
				907C16912657E41D0001D189 /* Connection+CoreDataProperties.swift in Sources */,
				67C65D292652C8B4006D68DE /* KeyboardShortcut+CoreDataClass.swift in Sources */,
				67F27A6525FAA0D800FD78EC /* ViewController.swift in Sources */,
				6707253D26060BCC00A9E2C9 /* DeviceManager.swift in Sources */,
				6723AABE25FE5FA100E06268 /* PresetEditorView.swift in Sources */,
				679679BD2652C2320028318C /* PersistentContainer.swift in Sources */,
				67C65D282652C8B4006D68DE /* Macro+CoreDataProperties.swift in Sources */,
				907C16902657E41D0001D189 /* Connection+CoreDataClass.swift in Sources */,
				904C1B9F2651134E00C28B01 /* MIDIReceiver.swift in Sources */,
				67257D5825FD8193009425A0 /* KeyboardShortcut+Functionality.swift in Sources */,
				67C65D262652C8B4006D68DE /* Preset+CoreDataProperties.swift in Sources */,
				67DFCD0F2652B3D200EB54C6 /* DataModel.xcdatamodeld in Sources */,
				67257D5125FD7A5D009425A0 /* Macro+Functionality.swift in Sources */,
				67C65D252652C8B4006D68DE /* Preset+CoreDataClass.swift in Sources */,
				67F27A7725FABF0A00FD78EC /* Preset+Functionality.swift in Sources */,
				67C65D272652C8B4006D68DE /* Macro+CoreDataClass.swift in Sources */,
				67C65D2A2652C8B4006D68DE /* KeyboardShortcut+CoreDataProperties.swift in Sources */,
				67C0446D25FC224800BA0B24 /* PresetViewDelegate.swift in Sources */,
				67C65D212652C8B4006D68DE /* UMidiMessage+CoreDataClass.swift in Sources */,
				67CEB8B0265A946E00760D11 /* MacroEditor.swift in Sources */,
				67257D5425FD7B72009425A0 /* UMidiMessage+Functionality.swift in Sources */,
				67F27A6325FAA0D800FD78EC /* AppDelegate.swift in Sources */,
				67F27A7A25FABFB200FD78EC /* Connection+Functionality.swift in Sources */,
				67F27A8925FAC1BD00FD78EC /* PresetCompactView.swift in Sources */,
			);
			runOnlyForDeploymentPostprocessing = 0;
		};
/* End PBXSourcesBuildPhase section */

/* Begin PBXVariantGroup section */
		67F27A6825FAA0DA00FD78EC /* Main.storyboard */ = {
			isa = PBXVariantGroup;
			children = (
				67F27A6925FAA0DA00FD78EC /* Base */,
			);
			name = Main.storyboard;
			sourceTree = "<group>";
		};
/* End PBXVariantGroup section */

/* Begin XCBuildConfiguration section */
		67F27A6D25FAA0DA00FD78EC /* Debug */ = {
			isa = XCBuildConfiguration;
			buildSettings = {
				ALWAYS_SEARCH_USER_PATHS = NO;
				CLANG_ANALYZER_NONNULL = YES;
				CLANG_ANALYZER_NUMBER_OBJECT_CONVERSION = YES_AGGRESSIVE;
				CLANG_CXX_LANGUAGE_STANDARD = "gnu++14";
				CLANG_CXX_LIBRARY = "libc++";
				CLANG_ENABLE_MODULES = YES;
				CLANG_ENABLE_OBJC_ARC = YES;
				CLANG_ENABLE_OBJC_WEAK = YES;
				CLANG_WARN_BLOCK_CAPTURE_AUTORELEASING = YES;
				CLANG_WARN_BOOL_CONVERSION = YES;
				CLANG_WARN_COMMA = YES;
				CLANG_WARN_CONSTANT_CONVERSION = YES;
				CLANG_WARN_DEPRECATED_OBJC_IMPLEMENTATIONS = YES;
				CLANG_WARN_DIRECT_OBJC_ISA_USAGE = YES_ERROR;
				CLANG_WARN_DOCUMENTATION_COMMENTS = YES;
				CLANG_WARN_EMPTY_BODY = YES;
				CLANG_WARN_ENUM_CONVERSION = YES;
				CLANG_WARN_INFINITE_RECURSION = YES;
				CLANG_WARN_INT_CONVERSION = YES;
				CLANG_WARN_NON_LITERAL_NULL_CONVERSION = YES;
				CLANG_WARN_OBJC_IMPLICIT_RETAIN_SELF = YES;
				CLANG_WARN_OBJC_LITERAL_CONVERSION = YES;
				CLANG_WARN_OBJC_ROOT_CLASS = YES_ERROR;
				CLANG_WARN_QUOTED_INCLUDE_IN_FRAMEWORK_HEADER = YES;
				CLANG_WARN_RANGE_LOOP_ANALYSIS = YES;
				CLANG_WARN_STRICT_PROTOTYPES = YES;
				CLANG_WARN_SUSPICIOUS_MOVE = YES;
				CLANG_WARN_UNGUARDED_AVAILABILITY = YES_AGGRESSIVE;
				CLANG_WARN_UNREACHABLE_CODE = YES;
				CLANG_WARN__DUPLICATE_METHOD_MATCH = YES;
				COPY_PHASE_STRIP = NO;
				DEBUG_INFORMATION_FORMAT = dwarf;
				ENABLE_STRICT_OBJC_MSGSEND = YES;
				ENABLE_TESTABILITY = YES;
				GCC_C_LANGUAGE_STANDARD = gnu11;
				GCC_DYNAMIC_NO_PIC = NO;
				GCC_NO_COMMON_BLOCKS = YES;
				GCC_OPTIMIZATION_LEVEL = 0;
				GCC_PREPROCESSOR_DEFINITIONS = (
					"DEBUG=1",
					"$(inherited)",
				);
				GCC_WARN_64_TO_32_BIT_CONVERSION = YES;
				GCC_WARN_ABOUT_RETURN_TYPE = YES_ERROR;
				GCC_WARN_UNDECLARED_SELECTOR = YES;
				GCC_WARN_UNINITIALIZED_AUTOS = YES_AGGRESSIVE;
				GCC_WARN_UNUSED_FUNCTION = YES;
				GCC_WARN_UNUSED_VARIABLE = YES;
				MACOSX_DEPLOYMENT_TARGET = 11.1;
				MTL_ENABLE_DEBUG_INFO = INCLUDE_SOURCE;
				MTL_FAST_MATH = YES;
				ONLY_ACTIVE_ARCH = YES;
				SDKROOT = macosx;
				SWIFT_ACTIVE_COMPILATION_CONDITIONS = DEBUG;
				SWIFT_OPTIMIZATION_LEVEL = "-Onone";
			};
			name = Debug;
		};
		67F27A6E25FAA0DA00FD78EC /* Release */ = {
			isa = XCBuildConfiguration;
			buildSettings = {
				ALWAYS_SEARCH_USER_PATHS = NO;
				CLANG_ANALYZER_NONNULL = YES;
				CLANG_ANALYZER_NUMBER_OBJECT_CONVERSION = YES_AGGRESSIVE;
				CLANG_CXX_LANGUAGE_STANDARD = "gnu++14";
				CLANG_CXX_LIBRARY = "libc++";
				CLANG_ENABLE_MODULES = YES;
				CLANG_ENABLE_OBJC_ARC = YES;
				CLANG_ENABLE_OBJC_WEAK = YES;
				CLANG_WARN_BLOCK_CAPTURE_AUTORELEASING = YES;
				CLANG_WARN_BOOL_CONVERSION = YES;
				CLANG_WARN_COMMA = YES;
				CLANG_WARN_CONSTANT_CONVERSION = YES;
				CLANG_WARN_DEPRECATED_OBJC_IMPLEMENTATIONS = YES;
				CLANG_WARN_DIRECT_OBJC_ISA_USAGE = YES_ERROR;
				CLANG_WARN_DOCUMENTATION_COMMENTS = YES;
				CLANG_WARN_EMPTY_BODY = YES;
				CLANG_WARN_ENUM_CONVERSION = YES;
				CLANG_WARN_INFINITE_RECURSION = YES;
				CLANG_WARN_INT_CONVERSION = YES;
				CLANG_WARN_NON_LITERAL_NULL_CONVERSION = YES;
				CLANG_WARN_OBJC_IMPLICIT_RETAIN_SELF = YES;
				CLANG_WARN_OBJC_LITERAL_CONVERSION = YES;
				CLANG_WARN_OBJC_ROOT_CLASS = YES_ERROR;
				CLANG_WARN_QUOTED_INCLUDE_IN_FRAMEWORK_HEADER = YES;
				CLANG_WARN_RANGE_LOOP_ANALYSIS = YES;
				CLANG_WARN_STRICT_PROTOTYPES = YES;
				CLANG_WARN_SUSPICIOUS_MOVE = YES;
				CLANG_WARN_UNGUARDED_AVAILABILITY = YES_AGGRESSIVE;
				CLANG_WARN_UNREACHABLE_CODE = YES;
				CLANG_WARN__DUPLICATE_METHOD_MATCH = YES;
				COPY_PHASE_STRIP = NO;
				DEBUG_INFORMATION_FORMAT = "dwarf-with-dsym";
				ENABLE_NS_ASSERTIONS = NO;
				ENABLE_STRICT_OBJC_MSGSEND = YES;
				GCC_C_LANGUAGE_STANDARD = gnu11;
				GCC_NO_COMMON_BLOCKS = YES;
				GCC_WARN_64_TO_32_BIT_CONVERSION = YES;
				GCC_WARN_ABOUT_RETURN_TYPE = YES_ERROR;
				GCC_WARN_UNDECLARED_SELECTOR = YES;
				GCC_WARN_UNINITIALIZED_AUTOS = YES_AGGRESSIVE;
				GCC_WARN_UNUSED_FUNCTION = YES;
				GCC_WARN_UNUSED_VARIABLE = YES;
				MACOSX_DEPLOYMENT_TARGET = 11.1;
				MTL_ENABLE_DEBUG_INFO = NO;
				MTL_FAST_MATH = YES;
				SDKROOT = macosx;
				SWIFT_COMPILATION_MODE = wholemodule;
				SWIFT_OPTIMIZATION_LEVEL = "-O";
			};
			name = Release;
		};
		67F27A7025FAA0DA00FD78EC /* Debug */ = {
			isa = XCBuildConfiguration;
			buildSettings = {
				ASSETCATALOG_COMPILER_APPICON_NAME = AppIcon;
				ASSETCATALOG_COMPILER_GLOBAL_ACCENT_COLOR_NAME = AccentColor;
				CODE_SIGN_ENTITLEMENTS = "Midi Control/Midi_Control.entitlements";
				CODE_SIGN_IDENTITY = "-";
				CODE_SIGN_STYLE = Automatic;
				COMBINE_HIDPI_IMAGES = YES;
				INFOPLIST_FILE = "Midi Control/Info.plist";
				LD_RUNPATH_SEARCH_PATHS = (
					"$(inherited)",
					"@executable_path/../Frameworks",
				);
				PRODUCT_BUNDLE_IDENTIFIER = "morgsj.github.com.Midi-Control";
				PRODUCT_NAME = "$(TARGET_NAME)";
				SWIFT_VERSION = 5.0;
			};
			name = Debug;
		};
		67F27A7125FAA0DA00FD78EC /* Release */ = {
			isa = XCBuildConfiguration;
			buildSettings = {
				ASSETCATALOG_COMPILER_APPICON_NAME = AppIcon;
				ASSETCATALOG_COMPILER_GLOBAL_ACCENT_COLOR_NAME = AccentColor;
				CODE_SIGN_ENTITLEMENTS = "Midi Control/Midi_Control.entitlements";
				CODE_SIGN_IDENTITY = "-";
				CODE_SIGN_STYLE = Automatic;
				COMBINE_HIDPI_IMAGES = YES;
				INFOPLIST_FILE = "Midi Control/Info.plist";
				LD_RUNPATH_SEARCH_PATHS = (
					"$(inherited)",
					"@executable_path/../Frameworks",
				);
				PRODUCT_BUNDLE_IDENTIFIER = "morgsj.github.com.Midi-Control";
				PRODUCT_NAME = "$(TARGET_NAME)";
				SWIFT_VERSION = 5.0;
			};
			name = Release;
		};
/* End XCBuildConfiguration section */

/* Begin XCConfigurationList section */
		67F27A5A25FAA0D800FD78EC /* Build configuration list for PBXProject "Midi Control" */ = {
			isa = XCConfigurationList;
			buildConfigurations = (
				67F27A6D25FAA0DA00FD78EC /* Debug */,
				67F27A6E25FAA0DA00FD78EC /* Release */,
			);
			defaultConfigurationIsVisible = 0;
			defaultConfigurationName = Release;
		};
		67F27A6F25FAA0DA00FD78EC /* Build configuration list for PBXNativeTarget "Midi Control" */ = {
			isa = XCConfigurationList;
			buildConfigurations = (
				67F27A7025FAA0DA00FD78EC /* Debug */,
				67F27A7125FAA0DA00FD78EC /* Release */,
			);
			defaultConfigurationIsVisible = 0;
			defaultConfigurationName = Release;
		};
/* End XCConfigurationList section */

/* Begin XCRemoteSwiftPackageReference section */
		904C1B9B2651133100C28B01 /* XCRemoteSwiftPackageReference "AudioKit" */ = {
			isa = XCRemoteSwiftPackageReference;
			repositoryURL = "http://github.com/AudioKit/AudioKit";
			requirement = {
				kind = upToNextMajorVersion;
				minimumVersion = 5.1.0;
			};
		};
/* End XCRemoteSwiftPackageReference section */

/* Begin XCSwiftPackageProductDependency section */
		904C1B9C2651133200C28B01 /* AudioKit */ = {
			isa = XCSwiftPackageProductDependency;
			package = 904C1B9B2651133100C28B01 /* XCRemoteSwiftPackageReference "AudioKit" */;
			productName = AudioKit;
		};
/* End XCSwiftPackageProductDependency section */

/* Begin XCVersionGroup section */
		67DFCD0D2652B3D200EB54C6 /* DataModel.xcdatamodeld */ = {
			isa = XCVersionGroup;
			children = (
				67DFCD0E2652B3D200EB54C6 /* DataModel.xcdatamodel */,
			);
			currentVersion = 67DFCD0E2652B3D200EB54C6 /* DataModel.xcdatamodel */;
			path = DataModel.xcdatamodeld;
			sourceTree = "<group>";
			versionGroupType = wrapper.xcdatamodel;
		};
/* End XCVersionGroup section */
	};
	rootObject = 67F27A5725FAA0D800FD78EC /* Project object */;
}
